{
  "version": 4,
  "terraform_version": "1.14.8",
  "serial": 8,
  "lineage": "1560e1c2-e35c-1e0d-a0db-862546dd8d90",
  "outputs": {
    "ec2_public_dns": {
      "value": "ec2-52-71-72-0.compute-1.amazonaws.com",
      "type": "string"
    },
    "ec2_public_ip": {
      "value": "52.71.72.0",
      "type": "string"
    },
    "ssh_command": {
      "value": "ssh -i ~/.ssh/ck.pem ubuntu@52.71.72.0",
      "type": "string"
    },
    "streamlit_url": {
      "value": "http://52.71.72.0:8501",
      "type": "string"
    }
  },
  "resources": [
    {
      "mode": "data",
      "type": "aws_ami",
      "name": "ubuntu",
      "provider": "provider[\"registry.terraform.io/hashicorp/aws\"]",
      "instances": [
        {
          "schema_version": 0,
          "attributes": {
            "architecture": "x86_64",
            "arn": "arn:aws:ec2:us-east-1::image/ami-05e86b3611c60b0b4",
            "block_device_mappings": [
              {
                "device_name": "/dev/sda1",
                "ebs": {
                  "delete_on_termination": "true",
                  "encrypted": "false",
                  "iops": "0",
                  "snapshot_id": "snap-01223ecf29ec53147",
                  "throughput": "0",
                  "volume_initialization_rate": "0",
                  "volume_size": "8",
                  "volume_type": "gp2"
                },
                "no_device": "",
                "virtual_name": ""
              },
              {
                "device_name": "/dev/sdb",
                "ebs": {},
                "no_device": "",
                "virtual_name": "ephemeral0"
              },
              {
                "device_name": "/dev/sdc",
                "ebs": {},
                "no_device": "",
                "virtual_name": "ephemeral1"
              }
            ],
            "boot_mode": "uefi-preferred",
            "creation_date": "2026-04-10T07:03:00.000Z",
            "deprecation_time": "2028-04-10T07:03:00.000Z",
            "description": "Canonical, Ubuntu, 22.04, amd64 jammy image",
            "ena_support": true,
            "executable_users": null,
            "filter": [
              {
                "name": "name",
                "values": [
                  "ubuntu/images/hvm-ssd/ubuntu-jammy-22.04-amd64-server-*"
                ]
              }
            ],
            "hypervisor": "xen",
            "id": "ami-05e86b3611c60b0b4",
            "image_id": "ami-05e86b3611c60b0b4",
            "image_location": "amazon/ubuntu/images/hvm-ssd/ubuntu-jammy-22.04-amd64-server-20260410",
            "image_owner_alias": "amazon",
            "image_type": "machine",
            "imds_support": "",
            "include_deprecated": false,
            "kernel_id": "",
            "last_launched_time": "",
            "most_recent": true,
            "name": "ubuntu/images/hvm-ssd/ubuntu-jammy-22.04-amd64-server-20260410",
            "name_regex": null,
            "owner_id": "099720109477",
            "owners": [
              "099720109477"
            ],
            "platform": "",
            "platform_details": "Linux/UNIX",
            "product_codes": [],
            "public": true,
            "ramdisk_id": "",
            "root_device_name": "/dev/sda1",
            "root_device_type": "ebs",
            "root_snapshot_id": "snap-01223ecf29ec53147",
            "sriov_net_support": "simple",
            "state": "available",
            "state_reason": {
              "code": "UNSET",
              "message": "UNSET"
            },
            "tags": {},
            "timeouts": null,
            "tpm_support": "",
            "uefi_data": null,
            "usage_operation": "RunInstances",
            "virtualization_type": "hvm"
          },
          "sensitive_attributes": [],
          "identity_schema_version": 0
        }
      ]
    },
    {
      "mode": "data",
      "type": "aws_s3_bucket",
      "name": "data",
      "provider": "provider[\"registry.terraform.io/hashicorp/aws\"]",
      "instances": [
        {
          "schema_version": 0,
          "attributes": {
            "arn": "arn:aws:s3:::support-agent-data-la-ck",
            "bucket": "support-agent-data-la-ck",
            "bucket_domain_name": "support-agent-data-la-ck.s3.amazonaws.com",
            "bucket_regional_domain_name": "support-agent-data-la-ck.s3.us-east-1.amazonaws.com",
            "hosted_zone_id": "Z3AQBSTGFYJSTF",
            "id": "support-agent-data-la-ck",
            "region": "us-east-1",
            "website_domain": null,
            "website_endpoint": null
          },
          "sensitive_attributes": [],
          "identity_schema_version": 0
        }
      ]
    },
    {
      "mode": "managed",
      "type": "aws_eip",
      "name": "agent",
      "provider": "provider[\"registry.terraform.io/hashicorp/aws\"]",
      "instances": [
        {
          "schema_version": 0,
          "attributes": {
            "address": null,
            "allocation_id": "eipalloc-0221b3dfa78b13210",
            "arn": "arn:aws:ec2:us-east-1:958923398802:elastic-ip/eipalloc-0221b3dfa78b13210",
            "associate_with_private_ip": null,
            "association_id": "",
            "carrier_ip": "",
            "customer_owned_ip": "",
            "customer_owned_ipv4_pool": "",
            "domain": "vpc",
            "id": "eipalloc-0221b3dfa78b13210",
            "instance": "",
            "ipam_pool_id": null,
            "network_border_group": "us-east-1",
            "network_interface": "",
            "private_dns": null,
            "private_ip": "",
            "ptr_record": "",
            "public_dns": "ec2-52-71-72-0.compute-1.amazonaws.com",
            "public_ip": "52.71.72.0",
            "public_ipv4_pool": "amazon",
            "tags": {
              "Name": "customer-support-agent-eip"
            },
            "tags_all": {
              "Name": "customer-support-agent-eip"
            },
            "timeouts": null,
            "vpc": true
          },
          "sensitive_attributes": [],
          "identity_schema_version": 0,
          "private": "eyJlMmJmYjczMC1lY2FhLTExZTYtOGY4OC0zNDM2M2JjN2M0YzAiOnsiZGVsZXRlIjoxODAwMDAwMDAwMDAsInJlYWQiOjkwMDAwMDAwMDAwMCwidXBkYXRlIjozMDAwMDAwMDAwMDB9fQ=="
        }
      ]
    },
    {
      "mode": "managed",
      "type": "aws_eip_association",
      "name": "agent_eip",
      "provider": "provider[\"registry.terraform.io/hashicorp/aws\"]",
      "instances": [
        {
          "schema_version": 0,
          "attributes": {
            "allocation_id": "eipalloc-0221b3dfa78b13210",
            "allow_reassociation": null,
            "id": "eipassoc-04d2dae7a684b0af3",
            "instance_id": "i-0880df33a72a0ee82",
            "network_interface_id": "eni-0fd006c63724d38dd",
            "private_ip_address": "172.31.31.62",
            "public_ip": "52.71.72.0"
          },
          "sensitive_attributes": [],
          "identity_schema_version": 0,
          "private": "bnVsbA==",
          "dependencies": [
            "aws_eip.agent",
            "aws_iam_instance_profile.ec2_profile",
            "aws_iam_role.ec2_role",
            "aws_instance.agent",
            "aws_security_group.agent_sg",
            "data.aws_ami.ubuntu"
          ]
        }
      ]
    },
    {
      "mode": "managed",
      "type": "aws_iam_instance_profile",
      "name": "ec2_profile",
      "provider": "provider[\"registry.terraform.io/hashicorp/aws\"]",
      "instances": [
        {
          "schema_version": 0,
          "attributes": {
            "arn": "arn:aws:iam::958923398802:instance-profile/ec2-bedrock-s3-profile",
            "create_date": "2026-04-17T16:03:49Z",
            "id": "ec2-bedrock-s3-profile",
            "name": "ec2-bedrock-s3-profile",
            "name_prefix": "",
            "path": "/",
            "role": "ec2-bedrock-s3-role",
            "tags": null,
            "tags_all": {},
            "unique_id": "AIPA56RCJ32JABLNP2XD5"
          },
          "sensitive_attributes": [],
          "identity_schema_version": 0,
          "private": "bnVsbA==",
          "dependencies": [
            "aws_iam_role.ec2_role"
          ]
        }
      ]
    },
    {
      "mode": "managed",
      "type": "aws_iam_role",
      "name": "ec2_role",
      "provider": "provider[\"registry.terraform.io/hashicorp/aws\"]",
      "instances": [
        {
          "schema_version": 0,
          "attributes": {
            "arn": "arn:aws:iam::958923398802:role/ec2-bedrock-s3-role",
            "assume_role_policy": "{\"Statement\":[{\"Action\":\"sts:AssumeRole\",\"Effect\":\"Allow\",\"Principal\":{\"Service\":\"ec2.amazonaws.com\"}}],\"Version\":\"2012-10-17\"}",
            "create_date": "2026-04-17T16:03:48Z",
            "description": "",
            "force_detach_policies": false,
            "id": "ec2-bedrock-s3-role",
            "inline_policy": [],
            "managed_policy_arns": [],
            "max_session_duration": 3600,
            "name": "ec2-bedrock-s3-role",
            "name_prefix": "",
            "path": "/",
            "permissions_boundary": "",
            "tags": null,
            "tags_all": {},
            "unique_id": "AROA56RCJ32JMXHLWNW4C"
          },
          "sensitive_attributes": [],
          "identity_schema_version": 0,
          "private": "bnVsbA=="
        }
      ]
    },
    {
      "mode": "managed",
      "type": "aws_iam_role_policy",
      "name": "ec2_policy",
      "provider": "provider[\"registry.terraform.io/hashicorp/aws\"]",
      "instances": [
        {
          "schema_version": 0,
          "attributes": {
            "id": "ec2-bedrock-s3-role:ec2-bedrock-s3-policy",
            "name": "ec2-bedrock-s3-policy",
            "name_prefix": "",
            "policy": "{\"Version\":\"2012-10-17\",\"Statement\":[{\"Action\":[\"s3:GetObject\",\"s3:ListBucket\"],\"Effect\":\"Allow\",\"Resource\":[\"arn:aws:s3:::support-agent-data-la-ck\",\"arn:aws:s3:::support-agent-data-la-ck/*\"]},{\"Action\":[\"bedrock:InvokeModel\",\"bedrock:InvokeModelWithResponseStream\"],\"Effect\":\"Allow\",\"Resource\":\"*\"}]}",
            "role": "ec2-bedrock-s3-role"
          },
          "sensitive_attributes": [],
          "identity_schema_version": 0,
          "private": "bnVsbA==",
          "dependencies": [
            "aws_iam_role.ec2_role",
            "data.aws_s3_bucket.data"
          ]
        }
      ]
    },
    {
      "mode": "managed",
      "type": "aws_instance",
      "name": "agent",
      "provider": "provider[\"registry.terraform.io/hashicorp/aws\"]",
      "instances": [
        {
          "schema_version": 1,
          "attributes": {
            "ami": "ami-05e86b3611c60b0b4",
            "arn": "arn:aws:ec2:us-east-1:958923398802:instance/i-0880df33a72a0ee82",
            "associate_public_ip_address": true,
            "availability_zone": "us-east-1b",
            "capacity_reservation_specification": [
              {
                "capacity_reservation_preference": "open",
                "capacity_reservation_target": []
              }
            ],
            "cpu_core_count": 1,
            "cpu_options": [
              {
                "amd_sev_snp": "",
                "core_count": 1,
                "threads_per_core": 1
              }
            ],
            "cpu_threads_per_core": 1,
            "credit_specification": [
              {
                "cpu_credits": "standard"
              }
            ],
            "disable_api_stop": false,
            "disable_api_termination": false,
            "ebs_block_device": [],
            "ebs_optimized": false,
            "enable_primary_ipv6": null,
            "enclave_options": [
              {
                "enabled": false
              }
            ],
            "ephemeral_block_device": [],
            "get_password_data": false,
            "hibernation": false,
            "host_id": "",
            "host_resource_group_arn": null,
            "iam_instance_profile": "ec2-bedrock-s3-profile",
            "id": "i-0880df33a72a0ee82",
            "instance_initiated_shutdown_behavior": "stop",
            "instance_lifecycle": "",
            "instance_market_options": [],
            "instance_state": "running",
            "instance_type": "t2.micro",
            "ipv6_address_count": 0,
            "ipv6_addresses": [],
            "key_name": "ck",
            "launch_template": [],
            "maintenance_options": [
              {
                "auto_recovery": "default"
              }
            ],
            "metadata_options": [
              {
                "http_endpoint": "enabled",
                "http_protocol_ipv6": "disabled",
                "http_put_response_hop_limit": 1,
                "http_tokens": "optional",
                "instance_metadata_tags": "disabled"
              }
            ],
            "monitoring": false,
            "network_interface": [],
            "outpost_arn": "",
            "password_data": "",
            "placement_group": "",
            "placement_partition_number": 0,
            "primary_network_interface_id": "eni-0fd006c63724d38dd",
            "private_dns": "ip-172-31-31-62.ec2.internal",
            "private_dns_name_options": [
              {
                "enable_resource_name_dns_a_record": false,
                "enable_resource_name_dns_aaaa_record": false,
                "hostname_type": "ip-name"
              }
            ],
            "private_ip": "172.31.31.62",
            "public_dns": "ec2-13-218-100-61.compute-1.amazonaws.com",
            "public_ip": "13.218.100.61",
            "root_block_device": [
              {
                "delete_on_termination": true,
                "device_name": "/dev/sda1",
                "encrypted": false,
                "iops": 100,
                "kms_key_id": "",
                "tags": {},
                "tags_all": {},
                "throughput": 0,
                "volume_id": "vol-09f8909875d97034a",
                "volume_size": 8,
                "volume_type": "gp2"
              }
            ],
            "secondary_private_ips": [],
            "security_groups": [
              "customer-support-agent-sg"
            ],
            "source_dest_check": true,
            "spot_instance_request_id": "",
            "subnet_id": "subnet-0ec46fee034730d34",
            "tags": {
              "Name": "customer-support-agent"
            },
            "tags_all": {
              "Name": "customer-support-agent"
            },
            "tenancy": "default",
            "timeouts": null,
            "user_data": null,
            "user_data_base64": "IyEvYmluL2Jhc2gNCnNldCAtZQ0KDQojIEPDoGkgxJHhurd0IGPDoWMgZ8OzaSBj4bqnbiB0aGnhur90DQphcHQgdXBkYXRlIC15DQphcHQgaW5zdGFsbCAteSBweXRob24zLXBpcCBnaXQgY3VybCB1bnppcA0KDQojIEPDoGkgQVdTIENMSSB2MiAoY+G6p24gdGhp4bq/dCDEkeG7gyB04bqjaSB04burIFMzKQ0KY3VybCAiaHR0cHM6Ly9hd3NjbGkuYW1hem9uYXdzLmNvbS9hd3NjbGktZXhlLWxpbnV4LXg4Nl82NC56aXAiIC1vICJhd3NjbGl2Mi56aXAiDQp1bnppcCBhd3NjbGl2Mi56aXANCi4vYXdzL2luc3RhbGwNCg0KIyBDbG9uZSBjb2RlIHThu6sgR2l0SHViDQpjZCAvaG9tZS91YnVudHUNCnJtIC1yZiBjdXN0b21lci1zdXBwb3J0LWFnZW50DQpnaXQgY2xvbmUgaHR0cHM6Ly9naXRodWIuY29tL2xpbmFuZ3V5ZW4wNS9jdXN0b21lci1zdXBwb3J0LWFnZW50LmdpdCAtYiBtYWluDQpjZCBjdXN0b21lci1zdXBwb3J0LWFnZW50DQoNCiMgQ8OgaSBQeXRob24gZGVwZW5kZW5jaWVzDQpwaXAzIGluc3RhbGwgLXIgcmVxdWlyZW1lbnRzLnR4dA0KDQojIFThuqFvIHRoxrAgbeG7pWMgbG9jYWwgxJHhu4MgbMawdSBGQUlTUyBpbmRleCB2w6AgUERGDQpta2RpciAtcCAvdG1wL2ZhaXNzX2RhdGENCm1rZGlyIC1wIC9ob21lL3VidW50dS8uYXdzDQoNCiMgVOG6o2kgUERGIHbDoCBGQUlTUyBpbmRleCB04burIFMzDQphd3MgczMgY3AgczM6Ly9zdXBwb3J0LWFnZW50LWRhdGEtbGEtY2svZGF0YS9Db21wYW55LTEway0xOHBhZ2VzLnBkZiAvdG1wL2ZhaXNzX2RhdGEvQ29tcGFueS0xMGstMThwYWdlcy5wZGYNCmF3cyBzMyBjcCBzMzovL3N1cHBvcnQtYWdlbnQtZGF0YS1sYS1jay9kYXRhL2ZhaXNzLmZhaXNzIC90bXAvZmFpc3NfZGF0YS9mYWlzcy5mYWlzcw0KYXdzIHMzIGNwIHMzOi8vc3VwcG9ydC1hZ2VudC1kYXRhLWxhLWNrL2RhdGEvZmFpc3MucGtsIC90bXAvZmFpc3NfZGF0YS9mYWlzcy5wa2wNCg0KIyBU4bqhbyBmaWxlIC5lbnYgY2hvIGJp4bq/biBtw7RpIHRyxrDhu51uZw0KY2F0ID4gL2hvbWUvdWJ1bnR1L2N1c3RvbWVyLXN1cHBvcnQtYWdlbnQvLmVudiA8PEVPRg0KUzNfQlVDS0VUPXN1cHBvcnQtYWdlbnQtZGF0YS1sYS1jaw0KUzNfUERGX0tFWT1kYXRhL0NvbXBhbnktMTBrLTE4cGFnZXMucGRmDQpTM19JTkRFWF9QUkVGSVg9ZGF0YS8NCkxPQ0FMX1RNUD0vdG1wL2ZhaXNzX2RhdGENCkFXU19SRUdJT049dXMtZWFzdC0xDQpFT0YNCg0KIyBUaMOqbSBwdWJsaWMga2V5IGNobyBHaXRIdWIgQWN0aW9ucyAoxJHhu4MgU1NIIGRlcGxveSkNCmVjaG8gInNzaC1yc2EgQUFBQUIzTnphQzF5YzJFQUFBQURBUUFCQUFBQ0FRQzYwdUwrNHBjeDl0UEQzTEpFQzFuaDF3M05VOElZKzFod0Y2TTdteWx6Z29CMEtZK29uNzU2MElJYTRwQlhXSTVnb2JPWVJBL2ZEZ2FDeUkvRzVhNlNUdExtVVFnK2RwUy9qTlhhQ2F0VnNra2ZkYTN6RUR2bHMzNkZhUmdKUlFpWWt1YUtqWlgza0NkVW1udG1JcVo3UjFvbFZtNUg1cG1laGpyRDdYczBVS0NzbGJ4UENJZ3dvNWhHWmhKcEk5bDROQWZaUWNBR3ZzdHFwa2xCUjRYNmJHeldXaTlteGh3TEFMbU51VTh5eWNFK1hCVjdqZG4xTEdaOFIvQkptNUdWYkIweFh5ck1ucHZWS2dPTVdPNi9ZNmFYQTk2KzFrMncyaDVTSE10RDlPQytiRyswc0U4QWtxc2xkMVR4OG9MZjhqaUwzdUEwUzB2YUFJbW5jUXc4bldtWUplakZTRjd5S1NGSVZzMTJLQkZtN3AwRUo0aENWUnN1YUNlb0ZTd3h3NVZQbjRkaVlLSEFWUUwxaG5sdmZBbm9EUlMwVWY1elRPTERzczZvRGgybEVudE1nYnkzTDFrTDBmY0l2bElBQyt1cW05NmFBaEJzRVQwZHpHT2haeWJ1bkRkdEgrTkhvWXBTS1dYWEQzbHg0VytFTEN5bHRkODd0d1JqcDZYUjg5MXZreS9oU2gxOWlkUllRdnhGaTZIQVlMd2h2WStzZTRmNmN6UzRZMjNTeENVMUhWTWM4R3hKWGRTcnlIM1E2d2lMeldkM2xsRmdBZlRtalgwQWNVS3JDcS8rUURCSmd4bGFkZU81SVhGZXFYYkwvTkUzZG5MVS9TaFpORGkyNWtPNWRyZ2pXY2lnZTZGQnNVR2Zuby9xQVd4eWw0MWdqaFgwbDVvdS93PT0gZ2l0aHViLWFjdGlvbnMiID4+IC9ob21lL3VidW50dS8uc3NoL2F1dGhvcml6ZWRfa2V5cw0KY2htb2QgNjAwIC9ob21lL3VidW50dS8uc3NoL2F1dGhvcml6ZWRfa2V5cw0KY2hvd24gdWJ1bnR1OnVidW50dSAvaG9tZS91YnVudHUvLnNzaC9hdXRob3JpemVkX2tleXMNCg0KIyBU4bqhbyBzeXN0ZW1kIHNlcnZpY2UgY2hvIFN0cmVhbWxpdA0KY2F0ID4gL2V0Yy9zeXN0ZW1kL3N5c3RlbS9zdHJlYW1saXQuc2VydmljZSA8PEVPRg0KW1VuaXRdDQpEZXNjcmlwdGlvbj1TdHJlYW1saXQgQ3VzdG9tZXIgU3VwcG9ydCBBZ2VudA0KQWZ0ZXI9bmV0d29yay50YXJnZXQNCg0KW1NlcnZpY2VdDQpVc2VyPXVidW50dQ0KV29ya2luZ0RpcmVjdG9yeT0vaG9tZS91YnVudHUvY3VzdG9tZXItc3VwcG9ydC1hZ2VudA0KRW52aXJvbm1lbnRGaWxlPS9ob21lL3VidW50dS9jdXN0b21lci1zdXBwb3J0LWFnZW50Ly5lbnYNCkV4ZWNTdGFydD0vdXNyL2xvY2FsL2Jpbi9zdHJlYW1saXQgcnVuIGFwcC5weSAtLXNlcnZlci5wb3J0PTg1MDEgLS1zZXJ2ZXIuYWRkcmVzcz0wLjAuMC4wDQpSZXN0YXJ0PWFsd2F5cw0KUmVzdGFydFNlYz0xMA0KDQpbSW5zdGFsbF0NCldhbnRlZEJ5PW11bHRpLXVzZXIudGFyZ2V0DQpFT0YNCg0Kc3lzdGVtY3RsIGRhZW1vbi1yZWxvYWQNCnN5c3RlbWN0bCBlbmFibGUgc3RyZWFtbGl0DQpzeXN0ZW1jdGwgc3RhcnQgc3RyZWFtbGl0DQoNCiMgQXV0by1zaHV0ZG93biBjcm9uOiBt4buXaSB0aeG6v25nIGtp4buDbSB0cmEgbuG6v3Uga2jDtG5nIGPDsyBr4bq/dCBu4buRaSBIVFRQIMSR4bq/biBj4buVbmcgODUwMSB0cm9uZyAzMCBwaMO6dCB0aMOsIHNodXRkb3duDQpjYXQgPiAvaG9tZS91YnVudHUvYXV0b19zaHV0ZG93bi5zaCA8PCdFT0YnDQojIS9iaW4vYmFzaA0KIyBLaeG7g20gdHJhIHPhu5Ega+G6v3QgbuG7kWkgVENQIMSR4bq/biBj4buVbmcgODUwMSB0cm9uZyAzMCBwaMO6dCBxdWENCmlmIHNzIC10dW4gc3RhdGUgZXN0YWJsaXNoZWQgJyggZHBvcnQgPSA4NTAxICknIHwgZ3JlcCAtcSAnZXN0YWInOyB0aGVuDQogICAgZWNobyAiQWN0aXZlIGNvbm5lY3Rpb24gZm91bmQuIE5vdCBzaHV0dGluZyBkb3duLiINCmVsc2UNCiAgICBlY2hvICJObyBhY3RpdmUgY29ubmVjdGlvbiBmb3IgMzAgbWludXRlcy4gU2h1dHRpbmcgZG93bi4uLiINCiAgICBzdWRvIHNodXRkb3duIG5vdw0KZmkNCkVPRg0KDQpjaG1vZCAreCAvaG9tZS91YnVudHUvYXV0b19zaHV0ZG93bi5zaA0KKGNyb250YWIgLWwgMj4vZGV2L251bGw7IGVjaG8gIjAgKiAqICogKiAvaG9tZS91YnVudHUvYXV0b19zaHV0ZG93bi5zaCIpIHwgY3JvbnRhYiAtDQoNCmVjaG8gIlVzZXIgZGF0YSBzY3JpcHQgY29tcGxldGVkIHN1Y2Nlc3NmdWxseS4i",
            "user_data_replace_on_change": false,
            "volume_tags": null,
            "vpc_security_group_ids": [
              "sg-0d657aa6351814fe8"
            ]
          },
          "sensitive_attributes": [
            [
              {
                "type": "get_attr",
                "value": "user_data_base64"
              }
            ]
          ],
          "identity_schema_version": 0,
          "private": "eyJlMmJmYjczMC1lY2FhLTExZTYtOGY4OC0zNDM2M2JjN2M0YzAiOnsiY3JlYXRlIjo2MDAwMDAwMDAwMDAsImRlbGV0ZSI6MTIwMDAwMDAwMDAwMCwicmVhZCI6OTAwMDAwMDAwMDAwLCJ1cGRhdGUiOjYwMDAwMDAwMDAwMH0sInNjaGVtYV92ZXJzaW9uIjoiMSJ9",
          "dependencies": [
            "aws_iam_instance_profile.ec2_profile",
            "aws_iam_role.ec2_role",
            "aws_security_group.agent_sg",
            "data.aws_ami.ubuntu"
          ]
        }
      ]
    },
    {
      "mode": "managed",
      "type": "aws_security_group",
      "name": "agent_sg",
      "provider": "provider[\"registry.terraform.io/hashicorp/aws\"]",
      "instances": [
        {
          "schema_version": 1,
          "attributes": {
            "arn": "arn:aws:ec2:us-east-1:958923398802:security-group/sg-0d657aa6351814fe8",
            "description": "Allow SSH and Streamlit",
            "egress": [
              {
                "cidr_blocks": [
                  "0.0.0.0/0"
                ],
                "description": "",
                "from_port": 0,
                "ipv6_cidr_blocks": [],
                "prefix_list_ids": [],
                "protocol": "-1",
                "security_groups": [],
                "self": false,
                "to_port": 0
              }
            ],
            "id": "sg-0d657aa6351814fe8",
            "ingress": [
              {
                "cidr_blocks": [
                  "0.0.0.0/0"
                ],
                "description": "SSH from anywhere (temporary)",
                "from_port": 22,
                "ipv6_cidr_blocks": [],
                "prefix_list_ids": [],
                "protocol": "tcp",
                "security_groups": [],
                "self": false,
                "to_port": 22
              },
              {
                "cidr_blocks": [
                  "0.0.0.0/0"
                ],
                "description": "Streamlit UI",
                "from_port": 8501,
                "ipv6_cidr_blocks": [],
                "prefix_list_ids": [],
                "protocol": "tcp",
                "security_groups": [],
                "self": false,
                "to_port": 8501
              }
            ],
            "name": "customer-support-agent-sg",
            "name_prefix": "",
            "owner_id": "958923398802",
            "revoke_rules_on_delete": false,
            "tags": null,
            "tags_all": {},
            "timeouts": null,
            "vpc_id": "vpc-09cd529ca4fdcf6f9"
          },
          "sensitive_attributes": [],
          "identity_schema_version": 0,
          "private": "eyJlMmJmYjczMC1lY2FhLTExZTYtOGY4OC0zNDM2M2JjN2M0YzAiOnsiY3JlYXRlIjo2MDAwMDAwMDAwMDAsImRlbGV0ZSI6OTAwMDAwMDAwMDAwfSwic2NoZW1hX3ZlcnNpb24iOiIxIn0="
        }
      ]
    }
  ],
  "check_results": null
}
